
Microsoft Visual Studio Solution File, Format Version 12.00
# Visual Studio Version 17
VisualStudioVersion = 17.3.32811.315
MinimumVisualStudioVersion = 10.0.40219.1
Project("{FAE04EC0-301F-11D3-BF4B-00C04F79EFBC}") = "arreglosMultidimencionales", "arreglosMultidimencionales\arreglosMultidimencionales.csproj", "{8F8B183E-DCD6-4398-93C0-5B4F93510668}"
EndProject
Global
	GlobalSection(SolutionConfigurationPlatforms) = preSolution
		Debug|Any CPU = Debug|Any CPU
		Release|Any CPU = Release|Any CPU
	EndGlobalSection
	GlobalSection(ProjectConfigurationPlatforms) = postSolution
		{8F8B183E-DCD6-4398-93C0-5B4F93510668}.Debug|Any CPU.ActiveCfg = Debug|Any CPU
		{8F8B183E-DCD6-4398-93C0-5B4F93510668}.Debug|Any CPU.Build.0 = Debug|Any CPU
		{8F8B183E-DCD6-4398-93C0-5B4F93510668}.Release|Any CPU.ActiveCfg = Release|Any CPU
		{8F8B183E-DCD6-4398-93C0-5B4F93510668}.Release|Any CPU.Build.0 = Release|Any CPU
	EndGlobalSection
	GlobalSection(SolutionProperties) = preSolution
		HideSolutionNode = FALSE
	EndGlobalSection
	GlobalSection(ExtensibilityGlobals) = postSolution
		SolutionGuid = {9888651B-1F77-4644-98F3-1445B936B93C}
	EndGlobalSection
EndGlobal
